
Microsoft Visual Studio Solution File, Format Version 12.00
# Visual Studio Version 17
VisualStudioVersion = 17.11.35312.102
MinimumVisualStudioVersion = 10.0.40219.1
Project("{9A19103F-16F7-4668-BE54-9A1E7A4F7556}") = "Proyecto Final", "Proyecto Final\Proyecto Final.csproj", "{0B0B4D7E-9283-49E5-BF54-13C0799CBEC9}"
EndProject
Project("{FAE04EC0-301F-11D3-BF4B-00C04F79EFBC}") = "ServidorAPI", "ServidorAPI\ServidorAPI.csproj", "{851CAB37-DBB8-44E5-AD8A-941DF77B18C8}"
EndProject
Global
	GlobalSection(SolutionConfigurationPlatforms) = preSolution
		Debug|Any CPU = Debug|Any CPU
		Release|Any CPU = Release|Any CPU
	EndGlobalSection
	GlobalSection(ProjectConfigurationPlatforms) = postSolution
		{0B0B4D7E-9283-49E5-BF54-13C0799CBEC9}.Debug|Any CPU.ActiveCfg = Debug|Any CPU
		{0B0B4D7E-9283-49E5-BF54-13C0799CBEC9}.Debug|Any CPU.Build.0 = Debug|Any CPU
		{0B0B4D7E-9283-49E5-BF54-13C0799CBEC9}.Debug|Any CPU.Deploy.0 = Debug|Any CPU
		{0B0B4D7E-9283-49E5-BF54-13C0799CBEC9}.Release|Any CPU.ActiveCfg = Release|Any CPU
		{0B0B4D7E-9283-49E5-BF54-13C0799CBEC9}.Release|Any CPU.Build.0 = Release|Any CPU
		{0B0B4D7E-9283-49E5-BF54-13C0799CBEC9}.Release|Any CPU.Deploy.0 = Release|Any CPU
		{851CAB37-DBB8-44E5-AD8A-941DF77B18C8}.Debug|Any CPU.ActiveCfg = Debug|Any CPU
		{851CAB37-DBB8-44E5-AD8A-941DF77B18C8}.Debug|Any CPU.Build.0 = Debug|Any CPU
		{851CAB37-DBB8-44E5-AD8A-941DF77B18C8}.Release|Any CPU.ActiveCfg = Release|Any CPU
		{851CAB37-DBB8-44E5-AD8A-941DF77B18C8}.Release|Any CPU.Build.0 = Release|Any CPU
	EndGlobalSection
	GlobalSection(SolutionProperties) = preSolution
		HideSolutionNode = FALSE
	EndGlobalSection
	GlobalSection(ExtensibilityGlobals) = postSolution
		SolutionGuid = {D96D23ED-10EB-41EB-9321-806856667A8B}
	EndGlobalSection
EndGlobal
